
Microsoft Visual Studio Solution File, Format Version 12.00
# Visual Studio Version 16
VisualStudioVersion = 16.0.31321.278
MinimumVisualStudioVersion = 10.0.40219.1
Project("{9A19103F-16F7-4668-BE54-9A1E7A4F7556}") = "LD50.Core", "LD50.Core\LD50.Core.csproj", "{11866543-5D00-4851-AE1A-FB318CF2648B}"
EndProject
Project("{9A19103F-16F7-4668-BE54-9A1E7A4F7556}") = "LD50.XMLSchema", "LD50.XMLSchema\LD50.XMLSchema.csproj", "{8B11B9CE-127D-40E3-A1C8-E9E4BCE7065E}"
EndProject
Global
	GlobalSection(SolutionConfigurationPlatforms) = preSolution
		Debug|Any CPU = Debug|Any CPU
		Release|Any CPU = Release|Any CPU
	EndGlobalSection
	GlobalSection(ProjectConfigurationPlatforms) = postSolution
		{11866543-5D00-4851-AE1A-FB318CF2648B}.Debug|Any CPU.ActiveCfg = Debug|Any CPU
		{11866543-5D00-4851-AE1A-FB318CF2648B}.Debug|Any CPU.Build.0 = Debug|Any CPU
		{11866543-5D00-4851-AE1A-FB318CF2648B}.Release|Any CPU.ActiveCfg = Release|Any CPU
		{11866543-5D00-4851-AE1A-FB318CF2648B}.Release|Any CPU.Build.0 = Release|Any CPU
		{8B11B9CE-127D-40E3-A1C8-E9E4BCE7065E}.Debug|Any CPU.ActiveCfg = Debug|Any CPU
		{8B11B9CE-127D-40E3-A1C8-E9E4BCE7065E}.Debug|Any CPU.Build.0 = Debug|Any CPU
		{8B11B9CE-127D-40E3-A1C8-E9E4BCE7065E}.Release|Any CPU.ActiveCfg = Release|Any CPU
		{8B11B9CE-127D-40E3-A1C8-E9E4BCE7065E}.Release|Any CPU.Build.0 = Release|Any CPU
	EndGlobalSection
	GlobalSection(SolutionProperties) = preSolution
		HideSolutionNode = FALSE
	EndGlobalSection
	GlobalSection(ExtensibilityGlobals) = postSolution
		SolutionGuid = {33F3ACB7-1A61-45E1-AF94-8573CA58484C}
	EndGlobalSection
EndGlobal
